
Microsoft Visual Studio Solution File, Format Version 12.00
# Visual Studio Version 17
VisualStudioVersion = 17.11.35303.130
MinimumVisualStudioVersion = 10.0.40219.1
Project("{8BC9CEB8-8B4A-11D0-8D11-00A0C91BC942}") = "pong", "pong\pong.vcxproj", "{C259DACB-98D0-4672-B224-C926A2DF47BC}"
EndProject
Global
	GlobalSection(SolutionConfigurationPlatforms) = preSolution
		Debug|x64 = Debug|x64
		Debug|x86 = Debug|x86
		Release|x64 = Release|x64
		Release|x86 = Release|x86
	EndGlobalSection
	GlobalSection(ProjectConfigurationPlatforms) = postSolution
		{C259DACB-98D0-4672-B224-C926A2DF47BC}.Debug|x64.ActiveCfg = Debug|x64
		{C259DACB-98D0-4672-B224-C926A2DF47BC}.Debug|x64.Build.0 = Debug|x64
		{C259DACB-98D0-4672-B224-C926A2DF47BC}.Debug|x86.ActiveCfg = Debug|Win32
		{C259DACB-98D0-4672-B224-C926A2DF47BC}.Debug|x86.Build.0 = Debug|Win32
		{C259DACB-98D0-4672-B224-C926A2DF47BC}.Release|x64.ActiveCfg = Release|x64
		{C259DACB-98D0-4672-B224-C926A2DF47BC}.Release|x64.Build.0 = Release|x64
		{C259DACB-98D0-4672-B224-C926A2DF47BC}.Release|x86.ActiveCfg = Release|Win32
		{C259DACB-98D0-4672-B224-C926A2DF47BC}.Release|x86.Build.0 = Release|Win32
	EndGlobalSection
	GlobalSection(SolutionProperties) = preSolution
		HideSolutionNode = FALSE
	EndGlobalSection
	GlobalSection(ExtensibilityGlobals) = postSolution
		SolutionGuid = {6C3AD909-F538-4B7A-AC60-4F7D0FADD277}
	EndGlobalSection
EndGlobal
